{
  "name": "extrol",
  "version": "1.0.0",
  "lockfileVersion": 1,
  "requires": true,
  "dependencies": {
    "@babel/helper-validator-identifier": {
      "version": "7.12.11",
      "resolved": "https://registry.npmjs.org/@babel/helper-validator-identifier/-/helper-validator-identifier-7.12.11.tgz",
      "integrity": "sha512-np/lG3uARFybkoHokJUmf1QfEvRVCPbmQeUQpKow5cQ3xWrV9i3rUHodKDJPQfTVX61qKi+UdYk8kik84n7XOw==",
      "dev": true
    },
    "@babel/parser": {
      "version": "7.13.9",
      "resolved": "https://registry.npmjs.org/@babel/parser/-/parser-7.13.9.tgz",
      "integrity": "sha512-nEUfRiARCcaVo3ny3ZQjURjHQZUo/JkEw7rLlSZy/psWGnvwXFtPcr6jb7Yb41DVW5LTe6KRq9LGleRNsg1Frw==",
      "dev": true
    },
    "@babel/types": {
      "version": "7.13.0",
      "resolved": "https://registry.npmjs.org/@babel/types/-/types-7.13.0.tgz",
      "integrity": "sha512-hE+HE8rnG1Z6Wzo+MhaKE5lM5eMx71T4EHJgku2E3xIfaULhDcxiiRxUYgwX8qwP1BBSlag+TdGOt6JAidIZTA==",
      "dev": true,
      "requires": {
        "@babel/helper-validator-identifier": "^7.12.11",
        "lodash": "^4.17.19",
        "to-fast-properties": "^2.0.0"
      },
      "dependencies": {
        "lodash": {
          "version": "4.17.21",
          "resolved": "https://registry.npmjs.org/lodash/-/lodash-4.17.21.tgz",
          "integrity": "sha512-v2kDEe57lecTulaDIuNTPy3Ry4gLGJ6Z1O3vE1krgXZNrsQ+LFTGHVxVjcXPs17LhbZVGedAJv8XZ1tvj5FvSg==",
          "dev": true
        },
        "to-fast-properties": {
          "version": "2.0.0",
          "resolved": "https://registry.npmjs.org/to-fast-properties/-/to-fast-properties-2.0.0.tgz",
          "integrity": "sha1-3F5pjL0HkmW8c+A3doGk5Og/YW4=",
          "dev": true
        }
      }
    },
    "assert-never": {
      "version": "1.2.1",
      "resolved": "https://registry.npmjs.org/assert-never/-/assert-never-1.2.1.tgz",
      "integrity": "sha512-TaTivMB6pYI1kXwrFlEhLeGfOqoDNdTxjCdwRfFFkEA30Eu+k48W34nlok2EYWJfFFzqaEmichdNM7th6M5HNw==",
      "dev": true
    },
    "babel-preset-es2015": {
      "version": "6.24.1",
      "resolved": "https://registry.npmjs.org/babel-preset-es2015/-/babel-preset-es2015-6.24.1.tgz",
      "integrity": "sha1-1EBQ1rwsn+6nAqrzjXJ6AhBTiTk=",
      "dev": true
    },
    "babel-walk": {
      "version": "3.0.0-canary-5",
      "resolved": "https://registry.npmjs.org/babel-walk/-/babel-walk-3.0.0-canary-5.tgz",
      "integrity": "sha512-GAwkz0AihzY5bkwIY5QDR+LvsRQgB/B+1foMPvi0FZPMl5fjD7ICiznUiBdLYMH1QYe6vqu4gWYytZOccLouFw==",
      "dev": true,
      "requires": {
        "@babel/types": "^7.9.6"
      }
    },
    "browser-sync": {
      "version": "2.18.12",
      "resolved": "https://registry.npmjs.org/browser-sync/-/browser-sync-2.18.12.tgz",
      "integrity": "sha1-u6oKF6lh4rXwqOdg5pUCcYZmR3k=",
      "dev": true
    },
    "character-parser": {
      "version": "2.2.0",
      "resolved": "https://registry.npmjs.org/character-parser/-/character-parser-2.2.0.tgz",
      "integrity": "sha1-x84o821LzZdE5f/CxfzeHHMmH8A=",
      "dev": true
    },
    "del": {
      "version": "2.2.2",
      "resolved": "https://registry.npmjs.org/del/-/del-2.2.2.tgz",
      "integrity": "sha1-wSyYHQZ4RshLyvhiz/kw2Qf/0ag=",
      "dev": true
    },
    "doctypes": {
      "version": "1.1.0",
      "resolved": "https://registry.npmjs.org/doctypes/-/doctypes-1.1.0.tgz",
      "integrity": "sha1-6oCxBqh1OHdOijpKWv4pPeSJ4Kk=",
      "dev": true
    },
    "gulp": {
      "version": "3.9.1",
      "resolved": "https://registry.npmjs.org/gulp/-/gulp-3.9.1.tgz",
      "integrity": "sha1-VxzkWSjdQK9lFPxAEYZgFsE4RbQ=",
      "dev": true,
      "dependencies": {
        "semver": {
          "version": "4.3.6",
          "resolved": "https://registry.npmjs.org/semver/-/semver-4.3.6.tgz",
          "integrity": "sha1-MAvG4OhjdPe6YQaLWx7NV/xlMto="
        }
      }
    },
    "gulp-autoprefixer": {
      "version": "3.1.1",
      "resolved": "https://registry.npmjs.org/gulp-autoprefixer/-/gulp-autoprefixer-3.1.1.tgz",
      "integrity": "sha1-dSMAUc0NFxND14O36bXREg7u+bA=",
      "dev": true
    },
    "gulp-babel": {
      "version": "6.1.2",
      "resolved": "https://registry.npmjs.org/gulp-babel/-/gulp-babel-6.1.2.tgz",
      "integrity": "sha1-fAF25Lo/JExgWIoMSzIKRdGt784=",
      "dev": true
    },
    "gulp-cache": {
      "version": "0.4.6",
      "resolved": "https://registry.npmjs.org/gulp-cache/-/gulp-cache-0.4.6.tgz",
      "integrity": "sha1-LQO1LbT2pVOuHVvvAeSD6Qfp95Y=",
      "dev": true,
      "dependencies": {
        "vinyl": {
          "version": "1.2.0",
          "resolved": "https://registry.npmjs.org/vinyl/-/vinyl-1.2.0.tgz",
          "integrity": "sha1-XIgDbPVl5d8FVYv8kR+GVt8hiIQ="
        }
      }
    },
    "gulp-concat": {
      "version": "2.6.1",
      "resolved": "https://registry.npmjs.org/gulp-concat/-/gulp-concat-2.6.1.tgz",
      "integrity": "sha1-Yz0WyV2IUEYorQJmVmPO5aR5M1M=",
      "dev": true,
      "dependencies": {
        "clone-stats": {
          "version": "1.0.0",
          "resolved": "https://registry.npmjs.org/clone-stats/-/clone-stats-1.0.0.tgz",
          "integrity": "sha1-s3gt/4u1R04Yuba/D9/ngvh3doA="
        },
        "replace-ext": {
          "version": "1.0.0",
          "resolved": "https://registry.npmjs.org/replace-ext/-/replace-ext-1.0.0.tgz",
          "integrity": "sha1-3mMSg3P8v3w8z6TeWkgMRaZ5WOs="
        },
        "vinyl": {
          "version": "2.0.2",
          "resolved": "https://registry.npmjs.org/vinyl/-/vinyl-2.0.2.tgz",
          "integrity": "sha1-CjcT2NTpIhxY8QyhbAEWyeJe2nw="
        }
      }
    },
    "gulp-csso": {
      "version": "3.0.0",
      "resolved": "https://registry.npmjs.org/gulp-csso/-/gulp-csso-3.0.0.tgz",
      "integrity": "sha1-E9Ct1mY/TKOY9NQU/43MNJshmyw=",
      "dev": true
    },
    "gulp-font2css": {
      "version": "0.1.2",
      "resolved": "https://registry.npmjs.org/gulp-font2css/-/gulp-font2css-0.1.2.tgz",
      "integrity": "sha1-wzD9x3C+QCMhcymxmjXnwBRVIhg=",
      "dev": true,
      "dependencies": {
        "mime": {
          "version": "1.3.6",
          "resolved": "https://registry.npmjs.org/mime/-/mime-1.3.6.tgz",
          "integrity": "sha1-WR2E02U6awtKO5343lqoEI5y5eA="
        }
      }
    },
    "gulp-if": {
      "version": "2.0.2",
      "resolved": "https://registry.npmjs.org/gulp-if/-/gulp-if-2.0.2.tgz",
      "integrity": "sha1-pJe351cwBQQcqivIt92jyARE1ik=",
      "dev": true
    },
    "gulp-imagemin": {
      "version": "3.3.0",
      "resolved": "https://registry.npmjs.org/gulp-imagemin/-/gulp-imagemin-3.3.0.tgz",
      "integrity": "sha1-xVdkwmBZPoWVYJ5mpAEmkR7yImQ=",
      "dev": true
    },
    "gulp-plumber": {
      "version": "1.1.0",
      "resolved": "https://registry.npmjs.org/gulp-plumber/-/gulp-plumber-1.1.0.tgz",
      "integrity": "sha1-8SF2wtBCL2AwbCQv/2oBo5T6ugk=",
      "dev": true
    },
    "gulp-pug": {
      "version": "1.3.1",
      "resolved": "https://registry.npmjs.org/gulp-pug/-/gulp-pug-1.3.1.tgz",
      "integrity": "sha1-/LwW9iNiqWDtREpHpMz3TP+3kvg=",
      "dev": true
    },
    "gulp-rename": {
      "version": "1.2.2",
      "resolved": "https://registry.npmjs.org/gulp-rename/-/gulp-rename-1.2.2.tgz",
      "integrity": "sha1-OtRCh2PwXidk3sHGfYaNsnVoeBc=",
      "dev": true
    },
    "gulp-sourcemap": {
      "version": "1.0.1",
      "resolved": "https://registry.npmjs.org/gulp-sourcemap/-/gulp-sourcemap-1.0.1.tgz",
      "integrity": "sha1-nABgAsuDHeQO/3uAWhR8eeu7qfg=",
      "dev": true
    },
    "gulp-stylus": {
      "version": "2.6.0",
      "resolved": "https://registry.npmjs.org/gulp-stylus/-/gulp-stylus-2.6.0.tgz",
      "integrity": "sha1-sLf6TbhE5u6CsQdcqXQFZGlgg6E=",
      "dev": true
    },
    "gulp-uglify": {
      "version": "1.5.4",
      "resolved": "https://registry.npmjs.org/gulp-uglify/-/gulp-uglify-1.5.4.tgz",
      "integrity": "sha1-UkeI2HZm0J+dDCH7IXf5ADmmWMk=",
      "dev": true,
      "dependencies": {
        "async": {
          "version": "0.2.10",
          "resolved": "https://registry.npmjs.org/async/-/async-0.2.10.tgz",
          "integrity": "sha1-trvgsGdLnXGXCMo43owjfLUmw9E="
        },
        "cliui": {
          "version": "2.1.0",
          "resolved": "https://registry.npmjs.org/cliui/-/cliui-2.1.0.tgz",
          "integrity": "sha1-S0dXYP+AJkx2LDoXGQMukcf+oNE="
        },
        "uglify-js": {
          "version": "2.6.4",
          "resolved": "https://registry.npmjs.org/uglify-js/-/uglify-js-2.6.4.tgz",
          "integrity": "sha1-ZeovswWck5RpLxX+2HwrNsFrmt8="
        },
        "window-size": {
          "version": "0.1.0",
          "resolved": "https://registry.npmjs.org/window-size/-/window-size-0.1.0.tgz",
          "integrity": "sha1-VDjNLqk7IC76Ohn+iIeu58lPnJ0="
        },
        "yargs": {
          "version": "3.10.0",
          "resolved": "https://registry.npmjs.org/yargs/-/yargs-3.10.0.tgz",
          "integrity": "sha1-9+572FfdfB0tOMDnTvvWgdFDH9E="
        }
      }
    },
    "gulp-util": {
      "version": "3.0.8",
      "resolved": "https://registry.npmjs.org/gulp-util/-/gulp-util-3.0.8.tgz",
      "integrity": "sha1-AFTh50RQLifATBh8PsxQXdVLu08=",
      "dev": true,
      "dependencies": {
        "object-assign": {
          "version": "3.0.0",
          "resolved": "https://registry.npmjs.org/object-assign/-/object-assign-3.0.0.tgz",
          "integrity": "sha1-m+3VygiXlJvKR+f/QIBi1Un1h/I="
        }
      }
    },
    "gulp-watch": {
      "version": "4.3.11",
      "resolved": "https://registry.npmjs.org/gulp-watch/-/gulp-watch-4.3.11.tgz",
      "integrity": "sha1-Fi/FY96fx3DpH5p845VVE6mhGMA=",
      "dev": true,
      "dependencies": {
        "glob-parent": {
          "version": "3.1.0",
          "resolved": "https://registry.npmjs.org/glob-parent/-/glob-parent-3.1.0.tgz",
          "integrity": "sha1-nmr2KZ2NO9K9QEMIMr0RPfkGxa4="
        },
        "is-extglob": {
          "version": "2.1.1",
          "resolved": "https://registry.npmjs.org/is-extglob/-/is-extglob-2.1.1.tgz",
          "integrity": "sha1-qIwCU1eR8C7TfHahueqXc8gz+MI="
        },
        "is-glob": {
          "version": "3.1.0",
          "resolved": "https://registry.npmjs.org/is-glob/-/is-glob-3.1.0.tgz",
          "integrity": "sha1-e6WuJCF4BKxwcHuWkiVnSGzD6Eo="
        },
        "vinyl": {
          "version": "1.2.0",
          "resolved": "https://registry.npmjs.org/vinyl/-/vinyl-1.2.0.tgz",
          "integrity": "sha1-XIgDbPVl5d8FVYv8kR+GVt8hiIQ="
        }
      }
    },
    "is-core-module": {
      "version": "2.2.0",
      "resolved": "https://registry.npmjs.org/is-core-module/-/is-core-module-2.2.0.tgz",
      "integrity": "sha512-XRAfAdyyY5F5cOXn7hYQDqh2Xmii+DEfIcQGxK/uNwMHhIkPWO0g8msXcbzLe+MpGoR951MlqM/2iIlU4vKDdQ==",
      "dev": true,
      "requires": {
        "has": "^1.0.3"
      },
      "dependencies": {
        "function-bind": {
          "version": "1.1.1",
          "resolved": "https://registry.npmjs.org/function-bind/-/function-bind-1.1.1.tgz",
          "integrity": "sha512-yIovAzMX49sF8Yl58fSCWJ5svSLuaibPxXQJFLmBObTuCr0Mf1KiPopGM9NiFjiYBCbfaa2Fh6breQ6ANVTI0A==",
          "dev": true
        },
        "has": {
          "version": "1.0.3",
          "resolved": "https://registry.npmjs.org/has/-/has-1.0.3.tgz",
          "integrity": "sha512-f2dvO0VU6Oej7RkWJGrehjbzMAjFp5/VKPp5tTpWIV4JHHZK1/BxbFRtf/siA2SWTe09caDmVtYYzWEIbBS4zw==",
          "dev": true,
          "requires": {
            "function-bind": "^1.1.1"
          }
        }
      }
    },
    "js-stringify": {
      "version": "1.0.2",
      "resolved": "https://registry.npmjs.org/js-stringify/-/js-stringify-1.0.2.tgz",
      "integrity": "sha1-Fzb939lyTyijaCrcYjCufk6Weds=",
      "dev": true
    },
    "jstransformer": {
      "version": "1.0.0",
      "resolved": "https://registry.npmjs.org/jstransformer/-/jstransformer-1.0.0.tgz",
      "integrity": "sha1-7Yvwkh4vPx7U1cGkT2hwntJHIsM=",
      "dev": true
    },
    "object-assign": {
      "version": "4.1.1",
      "resolved": "https://registry.npmjs.org/object-assign/-/object-assign-4.1.1.tgz",
      "integrity": "sha1-IQmtx5ZYh8/AXLvUQsrIv7s2CGM=",
      "dev": true
    },
    "portfinder": {
      "version": "1.0.13",
      "resolved": "https://registry.npmjs.org/portfinder/-/portfinder-1.0.13.tgz",
      "integrity": "sha1-uzLs2HwnEErm7kS1o8y/Drsa7ek=",
      "dev": true,
      "dependencies": {
        "minimist": {
          "version": "0.0.8",
          "resolved": "https://registry.npmjs.org/minimist/-/minimist-0.0.8.tgz",
          "integrity": "sha1-hX/Kv8M5fSYluCKCYuhqp6ARsF0="
        },
        "mkdirp": {
          "version": "0.5.1",
          "resolved": "https://registry.npmjs.org/mkdirp/-/mkdirp-0.5.1.tgz",
          "integrity": "sha1-MAV0OOrGz3+MR2fzhkjWaX11yQM="
        }
      }
    },
    "pug": {
      "version": "3.0.1",
      "resolved": "https://registry.npmjs.org/pug/-/pug-3.0.1.tgz",
      "integrity": "sha512-9v1o2yXMfSKJy2PykKyWUhpgx9Pf9D/UlPgIs2pTTxR6DQZ0oivy4I9f8PlWXRY4sjIhDU4TMJ7hQmYnNJc2bw==",
      "dev": true,
      "requires": {
        "pug-code-gen": "^3.0.2",
        "pug-filters": "^4.0.0",
        "pug-lexer": "^5.0.0",
        "pug-linker": "^4.0.0",
        "pug-load": "^3.0.0",
        "pug-parser": "^6.0.0",
        "pug-runtime": "^3.0.0",
        "pug-strip-comments": "^2.0.0"
      },
      "dependencies": {
        "acorn": {
          "version": "7.4.1",
          "resolved": "https://registry.npmjs.org/acorn/-/acorn-7.4.1.tgz",
          "integrity": "sha512-nQyp0o1/mNdbTO1PO6kHkwSrmgZ0MT/jCCpNiwbUjGoRN4dlBhqJtoQuCnEOKzgTVwg0ZWiCoQy6SxMebQVh8A==",
          "dev": true
        },
        "constantinople": {
          "version": "4.0.1",
          "resolved": "https://registry.npmjs.org/constantinople/-/constantinople-4.0.1.tgz",
          "integrity": "sha512-vCrqcSIq4//Gx74TXXCGnHpulY1dskqLTFGDmhrGxzeXL8lF8kvXv6mpNWlJj1uD4DW23D4ljAqbY4RRaaUZIw==",
          "dev": true,
          "requires": {
            "@babel/parser": "^7.6.0",
            "@babel/types": "^7.6.1"
          }
        },
        "is-expression": {
          "version": "4.0.0",
          "resolved": "https://registry.npmjs.org/is-expression/-/is-expression-4.0.0.tgz",
          "integrity": "sha512-zMIXX63sxzG3XrkHkrAPvm/OVZVSCPNkwMHU8oTX7/U3AL78I0QXCEICXUM13BIa8TYGZ68PiTKfQz3yaTNr4A==",
          "dev": true,
          "requires": {
            "acorn": "^7.1.1",
            "object-assign": "^4.1.1"
          }
        },
        "path-parse": {
          "version": "1.0.6",
          "resolved": "https://registry.npmjs.org/path-parse/-/path-parse-1.0.6.tgz",
          "integrity": "sha512-GSmOT2EbHrINBf9SR7CDELwlJ8AENk3Qn7OikK4nFYAu3Ote2+JYNVvkpAEQm3/TLNEJFD/xZJjzyxg3KBWOzw==",
          "dev": true
        },
        "pug-attrs": {
          "version": "3.0.0",
          "resolved": "https://registry.npmjs.org/pug-attrs/-/pug-attrs-3.0.0.tgz",
          "integrity": "sha512-azINV9dUtzPMFQktvTXciNAfAuVh/L/JCl0vtPCwvOA21uZrC08K/UnmrL+SXGEVc1FwzjW62+xw5S/uaLj6cA==",
          "dev": true,
          "requires": {
            "constantinople": "^4.0.1",
            "js-stringify": "^1.0.2",
            "pug-runtime": "^3.0.0"
          }
        },
        "pug-code-gen": {
          "version": "3.0.2",
          "resolved": "https://registry.npmjs.org/pug-code-gen/-/pug-code-gen-3.0.2.tgz",
          "integrity": "sha512-nJMhW16MbiGRiyR4miDTQMRWDgKplnHyeLvioEJYbk1RsPI3FuA3saEP8uwnTb2nTJEKBU90NFVWJBk4OU5qyg==",
          "dev": true,
          "requires": {
            "constantinople": "^4.0.1",
            "doctypes": "^1.1.0",
            "js-stringify": "^1.0.2",
            "pug-attrs": "^3.0.0",
            "pug-error": "^2.0.0",
            "pug-runtime": "^3.0.0",
            "void-elements": "^3.1.0",
            "with": "^7.0.0"
          }
        },
        "pug-error": {
          "version": "2.0.0",
          "resolved": "https://registry.npmjs.org/pug-error/-/pug-error-2.0.0.tgz",
          "integrity": "sha512-sjiUsi9M4RAGHktC1drQfCr5C5eriu24Lfbt4s+7SykztEOwVZtbFk1RRq0tzLxcMxMYTBR+zMQaG07J/btayQ==",
          "dev": true
        },
        "pug-filters": {
          "version": "4.0.0",
          "resolved": "https://registry.npmjs.org/pug-filters/-/pug-filters-4.0.0.tgz",
          "integrity": "sha512-yeNFtq5Yxmfz0f9z2rMXGw/8/4i1cCFecw/Q7+D0V2DdtII5UvqE12VaZ2AY7ri6o5RNXiweGH79OCq+2RQU4A==",
          "dev": true,
          "requires": {
            "constantinople": "^4.0.1",
            "jstransformer": "1.0.0",
            "pug-error": "^2.0.0",
            "pug-walk": "^2.0.0",
            "resolve": "^1.15.1"
          }
        },
        "pug-lexer": {
          "version": "5.0.1",
          "resolved": "https://registry.npmjs.org/pug-lexer/-/pug-lexer-5.0.1.tgz",
          "integrity": "sha512-0I6C62+keXlZPZkOJeVam9aBLVP2EnbeDw3An+k0/QlqdwH6rv8284nko14Na7c0TtqtogfWXcRoFE4O4Ff20w==",
          "dev": true,
          "requires": {
            "character-parser": "^2.2.0",
            "is-expression": "^4.0.0",
            "pug-error": "^2.0.0"
          }
        },
        "pug-linker": {
          "version": "4.0.0",
          "resolved": "https://registry.npmjs.org/pug-linker/-/pug-linker-4.0.0.tgz",
          "integrity": "sha512-gjD1yzp0yxbQqnzBAdlhbgoJL5qIFJw78juN1NpTLt/mfPJ5VgC4BvkoD3G23qKzJtIIXBbcCt6FioLSFLOHdw==",
          "dev": true,
          "requires": {
            "pug-error": "^2.0.0",
            "pug-walk": "^2.0.0"
          }
        },
        "pug-load": {
          "version": "3.0.0",
          "resolved": "https://registry.npmjs.org/pug-load/-/pug-load-3.0.0.tgz",
          "integrity": "sha512-OCjTEnhLWZBvS4zni/WUMjH2YSUosnsmjGBB1An7CsKQarYSWQ0GCVyd4eQPMFJqZ8w9xgs01QdiZXKVjk92EQ==",
          "dev": true,
          "requires": {
            "object-assign": "^4.1.1",
            "pug-walk": "^2.0.0"
          }
        },
        "pug-parser": {
          "version": "6.0.0",
          "resolved": "https://registry.npmjs.org/pug-parser/-/pug-parser-6.0.0.tgz",
          "integrity": "sha512-ukiYM/9cH6Cml+AOl5kETtM9NR3WulyVP2y4HOU45DyMim1IeP/OOiyEWRr6qk5I5klpsBnbuHpwKmTx6WURnw==",
          "dev": true,
          "requires": {
            "pug-error": "^2.0.0",
            "token-stream": "1.0.0"
          }
        },
        "pug-runtime": {
          "version": "3.0.1",
          "resolved": "https://registry.npmjs.org/pug-runtime/-/pug-runtime-3.0.1.tgz",
          "integrity": "sha512-L50zbvrQ35TkpHwv0G6aLSuueDRwc/97XdY8kL3tOT0FmhgG7UypU3VztfV/LATAvmUfYi4wNxSajhSAeNN+Kg==",
          "dev": true
        },
        "pug-strip-comments": {
          "version": "2.0.0",
          "resolved": "https://registry.npmjs.org/pug-strip-comments/-/pug-strip-comments-2.0.0.tgz",
          "integrity": "sha512-zo8DsDpH7eTkPHCXFeAk1xZXJbyoTfdPlNR0bK7rpOMuhBYb0f5qUVCO1xlsitYd3w5FQTK7zpNVKb3rZoUrrQ==",
          "dev": true,
          "requires": {
            "pug-error": "^2.0.0"
          }
        },
        "pug-walk": {
          "version": "2.0.0",
          "resolved": "https://registry.npmjs.org/pug-walk/-/pug-walk-2.0.0.tgz",
          "integrity": "sha512-yYELe9Q5q9IQhuvqsZNwA5hfPkMJ8u92bQLIMcsMxf/VADjNtEYptU+inlufAFYcWdHlwNfZOEnOOQrZrcyJCQ==",
          "dev": true
        },
        "resolve": {
          "version": "1.20.0",
          "resolved": "https://registry.npmjs.org/resolve/-/resolve-1.20.0.tgz",
          "integrity": "sha512-wENBPt4ySzg4ybFQW2TT1zMQucPK95HSh/nq2CFTZVOGut2+pQvSsgtda4d26YrYcr067wjbmzOG8byDPBX63A==",
          "dev": true,
          "requires": {
            "is-core-module": "^2.2.0",
            "path-parse": "^1.0.6"
          }
        },
        "token-stream": {
          "version": "1.0.0",
          "resolved": "https://registry.npmjs.org/token-stream/-/token-stream-1.0.0.tgz",
          "integrity": "sha1-zCAOqyYT9BZtJ/+a/HylbUnfbrQ=",
          "dev": true
        },
        "void-elements": {
          "version": "3.1.0",
          "resolved": "https://registry.npmjs.org/void-elements/-/void-elements-3.1.0.tgz",
          "integrity": "sha1-YU9/v42AHwu18GYfWy9XhXUOTwk=",
          "dev": true
        },
        "with": {
          "version": "7.0.2",
          "resolved": "https://registry.npmjs.org/with/-/with-7.0.2.tgz",
          "integrity": "sha512-RNGKj82nUPg3g5ygxkQl0R937xLyho1J24ItRCBTr/m1YnZkzJy1hUiHUJrc/VlsDQzsCnInEGSg3bci0Lmd4w==",
          "dev": true,
          "requires": {
            "@babel/parser": "^7.9.6",
            "@babel/types": "^7.9.6",
            "assert-never": "^1.2.1",
            "babel-walk": "3.0.0-canary-5"
          }
        }
      }
    },
    "require-dir": {
      "version": "0.3.2",
      "resolved": "https://registry.npmjs.org/require-dir/-/require-dir-0.3.2.tgz",
      "integrity": "sha1-wdXHXp+//eny5rM+OD209ZS1pqk=",
      "dev": true
    },
    "run-sequence": {
      "version": "1.2.2",
      "resolved": "https://registry.npmjs.org/run-sequence/-/run-sequence-1.2.2.tgz",
      "integrity": "sha1-UJWgvr6YczsBQL0I3YDsAw3azes=",
      "dev": true
    }
  }
}
